
Microsoft Visual Studio Solution File, Format Version 12.00
# Visual Studio Version 16
VisualStudioVersion = 16.0.31205.134
MinimumVisualStudioVersion = 10.0.40219.1
Project("{FAE04EC0-301F-11D3-BF4B-00C04F79EFBC}") = "MikesGenerals", "MikesGenerals\MikesGenerals.csproj", "{70E1A7B6-C506-40FC-812C-5B43C2438355}"
EndProject
Global
	GlobalSection(SolutionConfigurationPlatforms) = preSolution
		Debug|Any CPU = Debug|Any CPU
		Release|Any CPU = Release|Any CPU
	EndGlobalSection
	GlobalSection(ProjectConfigurationPlatforms) = postSolution
		{70E1A7B6-C506-40FC-812C-5B43C2438355}.Debug|Any CPU.ActiveCfg = Debug|Any CPU
		{70E1A7B6-C506-40FC-812C-5B43C2438355}.Debug|Any CPU.Build.0 = Debug|Any CPU
		{70E1A7B6-C506-40FC-812C-5B43C2438355}.Release|Any CPU.ActiveCfg = Release|Any CPU
		{70E1A7B6-C506-40FC-812C-5B43C2438355}.Release|Any CPU.Build.0 = Release|Any CPU
	EndGlobalSection
	GlobalSection(SolutionProperties) = preSolution
		HideSolutionNode = FALSE
	EndGlobalSection
	GlobalSection(ExtensibilityGlobals) = postSolution
		SolutionGuid = {E1804B86-0571-4A91-8654-D7FB730FE0B6}
	EndGlobalSection
EndGlobal
